
Microsoft Visual Studio Solution File, Format Version 12.00
# Visual Studio Express 2012 for Windows Desktop
Project("{8BC9CEB8-8B4A-11D0-8D11-00A0C91BC942}") = "final project 2017", "final project 2017\final project 2017.vcxproj", "{2224D96D-E0FB-4B4B-AB2B-6B6F8BB78166}"
EndProject
Global
	GlobalSection(SolutionConfigurationPlatforms) = preSolution
		Debug|Win32 = Debug|Win32
		Release|Win32 = Release|Win32
	EndGlobalSection
	GlobalSection(ProjectConfigurationPlatforms) = postSolution
		{2224D96D-E0FB-4B4B-AB2B-6B6F8BB78166}.Debug|Win32.ActiveCfg = Debug|Win32
		{2224D96D-E0FB-4B4B-AB2B-6B6F8BB78166}.Debug|Win32.Build.0 = Debug|Win32
		{2224D96D-E0FB-4B4B-AB2B-6B6F8BB78166}.Release|Win32.ActiveCfg = Release|Win32
		{2224D96D-E0FB-4B4B-AB2B-6B6F8BB78166}.Release|Win32.Build.0 = Release|Win32
	EndGlobalSection
	GlobalSection(SolutionProperties) = preSolution
		HideSolutionNode = FALSE
	EndGlobalSection
EndGlobal
